
Microsoft Visual Studio Solution File, Format Version 11.00
# Visual Studio 2010
Project("{FAE04EC0-301F-11D3-BF4B-00C04F79EFBC}") = "Cscobyla.Tests", "Cscobyla.Tests\Cscobyla.Tests.csproj", "{9EDCDE03-40D9-43E4-8E6A-84F4DB60FCED}"
EndProject
Project("{2150E333-8FDC-42A3-9474-1A3956D46DE8}") = "Solution Items", "Solution Items", "{F4484F09-B8CD-4071-B165-0784F5099992}"
	ProjectSection(SolutionItems) = preProject
		README.rdoc = README.rdoc
	EndProjectSection
EndProject
Project("{FAE04EC0-301F-11D3-BF4B-00C04F79EFBC}") = "Cureos.Numerics", "Cureos.Numerics\Cureos.Numerics.csproj", "{3A49FFA3-9D75-4E68-8B25-B7A9EA90DF70}"
EndProject
Global
	GlobalSection(SolutionConfigurationPlatforms) = preSolution
		Debug|Any CPU = Debug|Any CPU
		Release|Any CPU = Release|Any CPU
	EndGlobalSection
	GlobalSection(ProjectConfigurationPlatforms) = postSolution
		{9EDCDE03-40D9-43E4-8E6A-84F4DB60FCED}.Debug|Any CPU.ActiveCfg = Debug|Any CPU
		{9EDCDE03-40D9-43E4-8E6A-84F4DB60FCED}.Debug|Any CPU.Build.0 = Debug|Any CPU
		{9EDCDE03-40D9-43E4-8E6A-84F4DB60FCED}.Release|Any CPU.ActiveCfg = Release|Any CPU
		{9EDCDE03-40D9-43E4-8E6A-84F4DB60FCED}.Release|Any CPU.Build.0 = Release|Any CPU
		{3A49FFA3-9D75-4E68-8B25-B7A9EA90DF70}.Debug|Any CPU.ActiveCfg = Debug|Any CPU
		{3A49FFA3-9D75-4E68-8B25-B7A9EA90DF70}.Debug|Any CPU.Build.0 = Debug|Any CPU
		{3A49FFA3-9D75-4E68-8B25-B7A9EA90DF70}.Release|Any CPU.ActiveCfg = Release|Any CPU
		{3A49FFA3-9D75-4E68-8B25-B7A9EA90DF70}.Release|Any CPU.Build.0 = Release|Any CPU
	EndGlobalSection
	GlobalSection(SolutionProperties) = preSolution
		HideSolutionNode = FALSE
	EndGlobalSection
EndGlobal
